# registry/repos.lock — GENERATED. Do not edit; run `scripts/repos.sh relock`.
#
# The content-addressed digest of every `kit:` source in repos.yml, in `sha256sum` format.
#
# This is a GENERATED, CI-GATED ARTIFACT (FS-GG/.github#309): a checked-in generator emits it and
# `repos-registry-selftest` fails on any diff, so nobody AUTHORS it — a collision here is a REBASE,
# not a decision. DO NOT reserve it in a `Paths:` touch-set (#527); regenerate it and name it as
# expected drift in the PR.
558a936de5b38860bde88515c7dafed0ade11ad3b13246f1488bc0b498061153  .claude/skills/check-board
c857dab77484ebebdb60d88bd5b7259b5b7f7f489a8e310a66502637359802c0  .claude/skills/cross-repo-coordination
7bee25b83b422cf0654178a741de4e90a424c24931ae119004843c5fc74b784f  .claude/skills/intra-repo-parallel-work
9f10ef89176387e5d0ac195170ff6b6efed4025b25103f551a5da0e4bc02f98f  .claude/skills/pnext-item
1aa5e1a12edf812495bc9174192015acb95d63b9bb83ed7376f37b2c2c1eefc6  scripts/fsgg-coord
1f2a70607268d549aa59c56e612e654e52021e9b7015e26c8fdaa97a4a3a869e  scripts/lib/args.sh
fbdedf5e5bb4f85ef048807a430218001f489172210f87acd9bf8b3fbbca0330  scripts/lib/roots.sh
31c00ec8ca17c3e93b5568c7e8f5cfa6605288059f42f6af98496aa61d9a52aa  scripts/skill-view
